
Microsoft Visual Studio Solution File, Format Version 12.00
# Visual Studio Version 17
VisualStudioVersion = 17.5.33516.290
MinimumVisualStudioVersion = 10.0.40219.1
Project("{8BC9CEB8-8B4A-11D0-8D11-00A0C91BC942}") = "FunctionWithPrototype", "FunctionWithPrototype\FunctionWithPrototype.vcxproj", "{B167C43F-8D5B-48E7-8E0F-6B4E49166AB6}"
EndProject
Project("{8BC9CEB8-8B4A-11D0-8D11-00A0C91BC942}") = "MoreFunctions", "MoreFunctions\MoreFunctions.vcxproj", "{CCE0D6C4-9DF2-4879-A46E-64083A148BF9}"
EndProject
Global
	GlobalSection(SolutionConfigurationPlatforms) = preSolution
		Debug|x64 = Debug|x64
		Debug|x86 = Debug|x86
		Release|x64 = Release|x64
		Release|x86 = Release|x86
	EndGlobalSection
	GlobalSection(ProjectConfigurationPlatforms) = postSolution
		{B167C43F-8D5B-48E7-8E0F-6B4E49166AB6}.Debug|x64.ActiveCfg = Debug|x64
		{B167C43F-8D5B-48E7-8E0F-6B4E49166AB6}.Debug|x64.Build.0 = Debug|x64
		{B167C43F-8D5B-48E7-8E0F-6B4E49166AB6}.Debug|x86.ActiveCfg = Debug|Win32
		{B167C43F-8D5B-48E7-8E0F-6B4E49166AB6}.Debug|x86.Build.0 = Debug|Win32
		{B167C43F-8D5B-48E7-8E0F-6B4E49166AB6}.Release|x64.ActiveCfg = Release|x64
		{B167C43F-8D5B-48E7-8E0F-6B4E49166AB6}.Release|x64.Build.0 = Release|x64
		{B167C43F-8D5B-48E7-8E0F-6B4E49166AB6}.Release|x86.ActiveCfg = Release|Win32
		{B167C43F-8D5B-48E7-8E0F-6B4E49166AB6}.Release|x86.Build.0 = Release|Win32
		{CCE0D6C4-9DF2-4879-A46E-64083A148BF9}.Debug|x64.ActiveCfg = Debug|x64
		{CCE0D6C4-9DF2-4879-A46E-64083A148BF9}.Debug|x64.Build.0 = Debug|x64
		{CCE0D6C4-9DF2-4879-A46E-64083A148BF9}.Debug|x86.ActiveCfg = Debug|Win32
		{CCE0D6C4-9DF2-4879-A46E-64083A148BF9}.Debug|x86.Build.0 = Debug|Win32
		{CCE0D6C4-9DF2-4879-A46E-64083A148BF9}.Release|x64.ActiveCfg = Release|x64
		{CCE0D6C4-9DF2-4879-A46E-64083A148BF9}.Release|x64.Build.0 = Release|x64
		{CCE0D6C4-9DF2-4879-A46E-64083A148BF9}.Release|x86.ActiveCfg = Release|Win32
		{CCE0D6C4-9DF2-4879-A46E-64083A148BF9}.Release|x86.Build.0 = Release|Win32
	EndGlobalSection
	GlobalSection(SolutionProperties) = preSolution
		HideSolutionNode = FALSE
	EndGlobalSection
	GlobalSection(ExtensibilityGlobals) = postSolution
		SolutionGuid = {9629A500-F259-4F79-97B7-1E14E5FBF83D}
	EndGlobalSection
EndGlobal
