
Microsoft Visual Studio Solution File, Format Version 12.00
# Visual Studio Version 17
VisualStudioVersion = 17.5.33516.290
MinimumVisualStudioVersion = 10.0.40219.1
Project("{8BC9CEB8-8B4A-11D0-8D11-00A0C91BC942}") = "AdvancedProgramFlow", "AdvancedProgramFlow\AdvancedProgramFlow.vcxproj", "{2D9B5143-E973-45D1-A146-94DF3A91F080}"
EndProject
Project("{8BC9CEB8-8B4A-11D0-8D11-00A0C91BC942}") = "UseGoto", "UseGoto\UseGoto.vcxproj", "{3FBCB6B6-42ED-48BD-B09D-C5D1AFA9FFD1}"
EndProject
Project("{8BC9CEB8-8B4A-11D0-8D11-00A0C91BC942}") = "UseWhile", "UseWhile\UseWhile.vcxproj", "{ACAAD00A-3573-4C80-84BA-2AA4031A0813}"
EndProject
Project("{8BC9CEB8-8B4A-11D0-8D11-00A0C91BC942}") = "UseDoWhile", "UseDoWhile\UseDoWhile.vcxproj", "{DD0E186C-6D64-46A3-B5ED-383FFA3F5822}"
EndProject
Project("{8BC9CEB8-8B4A-11D0-8D11-00A0C91BC942}") = "UseFor", "UseFor\UseFor.vcxproj", "{5CBE4644-ABF4-49BE-B2F7-F0EE47AE2A7F}"
EndProject
Project("{8BC9CEB8-8B4A-11D0-8D11-00A0C91BC942}") = "AbuseFor", "AbuseFor\AbuseFor.vcxproj", "{1A24A070-45D8-4A4F-BD46-9FAC2C1B3293}"
EndProject
Project("{8BC9CEB8-8B4A-11D0-8D11-00A0C91BC942}") = "SwitchWithFallthough", "SwitchWithFallthough\SwitchWithFallthough.vcxproj", "{20A15B40-1EFE-42C1-A652-A14B74DFE7F6}"
EndProject
Global
	GlobalSection(SolutionConfigurationPlatforms) = preSolution
		Debug|x64 = Debug|x64
		Debug|x86 = Debug|x86
		Release|x64 = Release|x64
		Release|x86 = Release|x86
	EndGlobalSection
	GlobalSection(ProjectConfigurationPlatforms) = postSolution
		{2D9B5143-E973-45D1-A146-94DF3A91F080}.Debug|x64.ActiveCfg = Debug|x64
		{2D9B5143-E973-45D1-A146-94DF3A91F080}.Debug|x64.Build.0 = Debug|x64
		{2D9B5143-E973-45D1-A146-94DF3A91F080}.Debug|x86.ActiveCfg = Debug|Win32
		{2D9B5143-E973-45D1-A146-94DF3A91F080}.Debug|x86.Build.0 = Debug|Win32
		{2D9B5143-E973-45D1-A146-94DF3A91F080}.Release|x64.ActiveCfg = Release|x64
		{2D9B5143-E973-45D1-A146-94DF3A91F080}.Release|x64.Build.0 = Release|x64
		{2D9B5143-E973-45D1-A146-94DF3A91F080}.Release|x86.ActiveCfg = Release|Win32
		{2D9B5143-E973-45D1-A146-94DF3A91F080}.Release|x86.Build.0 = Release|Win32
		{3FBCB6B6-42ED-48BD-B09D-C5D1AFA9FFD1}.Debug|x64.ActiveCfg = Debug|x64
		{3FBCB6B6-42ED-48BD-B09D-C5D1AFA9FFD1}.Debug|x64.Build.0 = Debug|x64
		{3FBCB6B6-42ED-48BD-B09D-C5D1AFA9FFD1}.Debug|x86.ActiveCfg = Debug|Win32
		{3FBCB6B6-42ED-48BD-B09D-C5D1AFA9FFD1}.Debug|x86.Build.0 = Debug|Win32
		{3FBCB6B6-42ED-48BD-B09D-C5D1AFA9FFD1}.Release|x64.ActiveCfg = Release|x64
		{3FBCB6B6-42ED-48BD-B09D-C5D1AFA9FFD1}.Release|x64.Build.0 = Release|x64
		{3FBCB6B6-42ED-48BD-B09D-C5D1AFA9FFD1}.Release|x86.ActiveCfg = Release|Win32
		{3FBCB6B6-42ED-48BD-B09D-C5D1AFA9FFD1}.Release|x86.Build.0 = Release|Win32
		{ACAAD00A-3573-4C80-84BA-2AA4031A0813}.Debug|x64.ActiveCfg = Debug|x64
		{ACAAD00A-3573-4C80-84BA-2AA4031A0813}.Debug|x64.Build.0 = Debug|x64
		{ACAAD00A-3573-4C80-84BA-2AA4031A0813}.Debug|x86.ActiveCfg = Debug|Win32
		{ACAAD00A-3573-4C80-84BA-2AA4031A0813}.Debug|x86.Build.0 = Debug|Win32
		{ACAAD00A-3573-4C80-84BA-2AA4031A0813}.Release|x64.ActiveCfg = Release|x64
		{ACAAD00A-3573-4C80-84BA-2AA4031A0813}.Release|x64.Build.0 = Release|x64
		{ACAAD00A-3573-4C80-84BA-2AA4031A0813}.Release|x86.ActiveCfg = Release|Win32
		{ACAAD00A-3573-4C80-84BA-2AA4031A0813}.Release|x86.Build.0 = Release|Win32
		{DD0E186C-6D64-46A3-B5ED-383FFA3F5822}.Debug|x64.ActiveCfg = Debug|x64
		{DD0E186C-6D64-46A3-B5ED-383FFA3F5822}.Debug|x64.Build.0 = Debug|x64
		{DD0E186C-6D64-46A3-B5ED-383FFA3F5822}.Debug|x86.ActiveCfg = Debug|Win32
		{DD0E186C-6D64-46A3-B5ED-383FFA3F5822}.Debug|x86.Build.0 = Debug|Win32
		{DD0E186C-6D64-46A3-B5ED-383FFA3F5822}.Release|x64.ActiveCfg = Release|x64
		{DD0E186C-6D64-46A3-B5ED-383FFA3F5822}.Release|x64.Build.0 = Release|x64
		{DD0E186C-6D64-46A3-B5ED-383FFA3F5822}.Release|x86.ActiveCfg = Release|Win32
		{DD0E186C-6D64-46A3-B5ED-383FFA3F5822}.Release|x86.Build.0 = Release|Win32
		{5CBE4644-ABF4-49BE-B2F7-F0EE47AE2A7F}.Debug|x64.ActiveCfg = Debug|x64
		{5CBE4644-ABF4-49BE-B2F7-F0EE47AE2A7F}.Debug|x64.Build.0 = Debug|x64
		{5CBE4644-ABF4-49BE-B2F7-F0EE47AE2A7F}.Debug|x86.ActiveCfg = Debug|Win32
		{5CBE4644-ABF4-49BE-B2F7-F0EE47AE2A7F}.Debug|x86.Build.0 = Debug|Win32
		{5CBE4644-ABF4-49BE-B2F7-F0EE47AE2A7F}.Release|x64.ActiveCfg = Release|x64
		{5CBE4644-ABF4-49BE-B2F7-F0EE47AE2A7F}.Release|x64.Build.0 = Release|x64
		{5CBE4644-ABF4-49BE-B2F7-F0EE47AE2A7F}.Release|x86.ActiveCfg = Release|Win32
		{5CBE4644-ABF4-49BE-B2F7-F0EE47AE2A7F}.Release|x86.Build.0 = Release|Win32
		{1A24A070-45D8-4A4F-BD46-9FAC2C1B3293}.Debug|x64.ActiveCfg = Debug|x64
		{1A24A070-45D8-4A4F-BD46-9FAC2C1B3293}.Debug|x64.Build.0 = Debug|x64
		{1A24A070-45D8-4A4F-BD46-9FAC2C1B3293}.Debug|x86.ActiveCfg = Debug|Win32
		{1A24A070-45D8-4A4F-BD46-9FAC2C1B3293}.Debug|x86.Build.0 = Debug|Win32
		{1A24A070-45D8-4A4F-BD46-9FAC2C1B3293}.Release|x64.ActiveCfg = Release|x64
		{1A24A070-45D8-4A4F-BD46-9FAC2C1B3293}.Release|x64.Build.0 = Release|x64
		{1A24A070-45D8-4A4F-BD46-9FAC2C1B3293}.Release|x86.ActiveCfg = Release|Win32
		{1A24A070-45D8-4A4F-BD46-9FAC2C1B3293}.Release|x86.Build.0 = Release|Win32
		{20A15B40-1EFE-42C1-A652-A14B74DFE7F6}.Debug|x64.ActiveCfg = Debug|x64
		{20A15B40-1EFE-42C1-A652-A14B74DFE7F6}.Debug|x64.Build.0 = Debug|x64
		{20A15B40-1EFE-42C1-A652-A14B74DFE7F6}.Debug|x86.ActiveCfg = Debug|Win32
		{20A15B40-1EFE-42C1-A652-A14B74DFE7F6}.Debug|x86.Build.0 = Debug|Win32
		{20A15B40-1EFE-42C1-A652-A14B74DFE7F6}.Release|x64.ActiveCfg = Release|x64
		{20A15B40-1EFE-42C1-A652-A14B74DFE7F6}.Release|x64.Build.0 = Release|x64
		{20A15B40-1EFE-42C1-A652-A14B74DFE7F6}.Release|x86.ActiveCfg = Release|Win32
		{20A15B40-1EFE-42C1-A652-A14B74DFE7F6}.Release|x86.Build.0 = Release|Win32
	EndGlobalSection
	GlobalSection(SolutionProperties) = preSolution
		HideSolutionNode = FALSE
	EndGlobalSection
	GlobalSection(ExtensibilityGlobals) = postSolution
		SolutionGuid = {1AFB1CA1-470D-4AA6-A3C6-C7F89BAD9323}
	EndGlobalSection
EndGlobal
